{
  "version": 4,
  "terraform_version": "1.9.4",
  "serial": 79,
  "lineage": "13f2ce8f-38ca-3ee4-e24a-afa069ee0365",
  "outputs": {},
  "resources": [
    {
      "mode": "managed",
      "type": "azurerm_app_service_source_control",
      "name": "sourcecontrol",
      "provider": "provider[\"registry.terraform.io/hashicorp/azurerm\"]",
      "instances": [
        {
          "schema_version": 0,
          "attributes": {
            "app_id": "/subscriptions/694c4bb5-c2f9-44f5-a442-71837b97b1bd/resourceGroups/ContactBookRG59400/providers/Microsoft.Web/sites/contact-book-59400",
            "branch": "master",
            "github_action_configuration": [],
            "id": "/subscriptions/694c4bb5-c2f9-44f5-a442-71837b97b1bd/resourceGroups/ContactBookRG59400/providers/Microsoft.Web/sites/contact-book-59400",
            "repo_url": "https://github.com/jvalkovv/OfficeBite",
            "rollback_enabled": false,
            "scm_type": "ExternalGit",
            "timeouts": null,
            "use_local_git": false,
            "use_manual_integration": true,
            "use_mercurial": false,
            "uses_github_action": false
          },
          "sensitive_attributes": [],
          "private": "eyJlMmJmYjczMC1lY2FhLTExZTYtOGY4OC0zNDM2M2JjN2M0YzAiOnsiY3JlYXRlIjoxODAwMDAwMDAwMDAwLCJkZWxldGUiOjE4MDAwMDAwMDAwMDAsInJlYWQiOjMwMDAwMDAwMDAwMH19",
          "dependencies": [
            "azurerm_linux_web_app.webapp",
            "azurerm_resource_group.rg",
            "azurerm_service_plan.asp",
            "random_integer.ri"
          ]
        }
      ]
    },
    {
      "mode": "managed",
      "type": "azurerm_linux_web_app",
      "name": "webapp",
      "provider": "provider[\"registry.terraform.io/hashicorp/azurerm\"]",
      "instances": [
        {
          "schema_version": 0,
          "attributes": {
            "app_settings": null,
            "auth_settings": [],
            "auth_settings_v2": [],
            "backup": [],
            "client_affinity_enabled": false,
            "client_certificate_enabled": false,
            "client_certificate_exclusion_paths": "",
            "client_certificate_mode": "Required",
            "connection_string": [
              {
                "name": "OfficeBiteProd",
                "type": "SQLServer",
                "value": "Server=78.83.26.10;Integrated Security=SSPI"
              }
            ],
            "custom_domain_verification_id": "4A6ADA45B7FA9C628A344C7DD9EA9E2599F4F84382816504E712E60422D3CF3C",
            "default_hostname": "contact-book-59400.azurewebsites.net",
            "enabled": true,
            "https_only": false,
            "id": "/subscriptions/694c4bb5-c2f9-44f5-a442-71837b97b1bd/resourceGroups/ContactBookRG59400/providers/Microsoft.Web/sites/contact-book-59400",
            "identity": [],
            "key_vault_reference_identity_id": "SystemAssigned",
            "kind": "app,linux",
            "location": "polandcentral",
            "logs": [],
            "name": "contact-book-59400",
            "outbound_ip_address_list": [
              "20.215.90.80",
              "20.215.90.87",
              "20.215.88.54",
              "20.215.88.55",
              "20.215.88.92",
              "20.215.88.93",
              "20.215.88.213",
              "20.215.88.246",
              "20.215.89.20",
              "20.215.89.22",
              "20.215.89.29",
              "20.215.89.30",
              "20.215.12.2"
            ],
            "outbound_ip_addresses": "20.215.90.80,20.215.90.87,20.215.88.54,20.215.88.55,20.215.88.92,20.215.88.93,20.215.88.213,20.215.88.246,20.215.89.20,20.215.89.22,20.215.89.29,20.215.89.30,20.215.12.2",
            "possible_outbound_ip_address_list": [
              "20.215.90.80",
              "20.215.90.87",
              "20.215.88.54",
              "20.215.88.55",
              "20.215.88.92",
              "20.215.88.93",
              "20.215.88.213",
              "20.215.88.246",
              "20.215.89.20",
              "20.215.89.22",
              "20.215.89.29",
              "20.215.89.30",
              "20.215.89.139",
              "20.215.89.176",
              "20.215.89.178",
              "20.215.89.208",
              "20.215.89.254",
              "20.215.90.18",
              "20.215.90.35",
              "20.215.90.43",
              "20.215.90.50",
              "20.215.90.54",
              "20.215.90.61",
              "20.215.90.68",
              "20.215.90.80",
              "20.215.90.87",
              "20.215.88.54",
              "20.215.88.55",
              "20.215.88.92",
              "20.215.88.93",
              "20.215.88.133",
              "20.215.88.194",
              "20.215.88.218",
              "20.215.88.69",
              "20.215.89.59",
              "20.215.89.61",
              "20.215.12.2"
            ],
            "possible_outbound_ip_addresses": "20.215.90.80,20.215.90.87,20.215.88.54,20.215.88.55,20.215.88.92,20.215.88.93,20.215.88.213,20.215.88.246,20.215.89.20,20.215.89.22,20.215.89.29,20.215.89.30,20.215.89.139,20.215.89.176,20.215.89.178,20.215.89.208,20.215.89.254,20.215.90.18,20.215.90.35,20.215.90.43,20.215.90.50,20.215.90.54,20.215.90.61,20.215.90.68,20.215.90.80,20.215.90.87,20.215.88.54,20.215.88.55,20.215.88.92,20.215.88.93,20.215.88.133,20.215.88.194,20.215.88.218,20.215.88.69,20.215.89.59,20.215.89.61,20.215.12.2",
            "resource_group_name": "ContactBookRG59400",
            "service_plan_id": "/subscriptions/694c4bb5-c2f9-44f5-a442-71837b97b1bd/resourceGroups/ContactBookRG59400/providers/Microsoft.Web/serverfarms/contact-book-plan-59400",
            "site_config": [
              {
                "always_on": false,
                "api_definition_url": "",
                "api_management_api_id": "",
                "app_command_line": "",
                "application_stack": [
                  {
                    "docker_image": "",
                    "docker_image_tag": "",
                    "dotnet_version": "",
                    "go_version": "",
                    "java_server": "",
                    "java_server_version": "",
                    "java_version": "",
                    "node_version": "",
                    "php_version": "",
                    "python_version": "",
                    "ruby_version": ""
                  }
                ],
                "auto_heal_enabled": false,
                "auto_heal_setting": [],
                "container_registry_managed_identity_client_id": "",
                "container_registry_use_managed_identity": false,
                "cors": [],
                "default_documents": [
                  "Default.htm",
                  "Default.html",
                  "Default.asp",
                  "index.htm",
                  "index.html",
                  "iisstart.htm",
                  "default.aspx",
                  "index.php",
                  "hostingstart.html"
                ],
                "detailed_error_logging_enabled": false,
                "ftps_state": "Disabled",
                "health_check_eviction_time_in_min": 0,
                "health_check_path": "",
                "http2_enabled": false,
                "ip_restriction": [],
                "linux_fx_version": "",
                "load_balancing_mode": "LeastRequests",
                "local_mysql_enabled": false,
                "managed_pipeline_mode": "Integrated",
                "minimum_tls_version": "1.2",
                "remote_debugging_enabled": false,
                "remote_debugging_version": "VS2022",
                "scm_ip_restriction": [],
                "scm_minimum_tls_version": "1.2",
                "scm_type": "None",
                "scm_use_main_ip_restriction": false,
                "use_32_bit_worker": true,
                "vnet_route_all_enabled": false,
                "websockets_enabled": false,
                "worker_count": 1
              }
            ],
            "site_credential": [
              {
                "name": "$contact-book-59400",
                "password": "RfFjudpHnjiHHlmua4ZrRRW9effGD6LM3K1XZ0o1kKhYlHLCshWucwlkxpxN"
              }
            ],
            "sticky_settings": [],
            "storage_account": [],
            "tags": null,
            "timeouts": null,
            "virtual_network_subnet_id": "",
            "zip_deploy_file": ""
          },
          "sensitive_attributes": [
            [
              {
                "type": "get_attr",
                "value": "custom_domain_verification_id"
              }
            ],
            [
              {
                "type": "get_attr",
                "value": "connection_string"
              }
            ],
            [
              {
                "type": "get_attr",
                "value": "site_credential"
              }
            ]
          ],
          "private": "eyJlMmJmYjczMC1lY2FhLTExZTYtOGY4OC0zNDM2M2JjN2M0YzAiOnsiY3JlYXRlIjoxODAwMDAwMDAwMDAwLCJkZWxldGUiOjE4MDAwMDAwMDAwMDAsInJlYWQiOjMwMDAwMDAwMDAwMCwidXBkYXRlIjoxODAwMDAwMDAwMDAwfX0=",
          "dependencies": [
            "azurerm_resource_group.rg",
            "azurerm_service_plan.asp",
            "random_integer.ri"
          ]
        }
      ]
    },
    {
      "mode": "managed",
      "type": "azurerm_resource_group",
      "name": "rg",
      "provider": "provider[\"registry.terraform.io/hashicorp/azurerm\"]",
      "instances": [
        {
          "schema_version": 0,
          "attributes": {
            "id": "/subscriptions/694c4bb5-c2f9-44f5-a442-71837b97b1bd/resourceGroups/ContactBookRG59400",
            "location": "polandcentral",
            "name": "ContactBookRG59400",
            "tags": {},
            "timeouts": null
          },
          "sensitive_attributes": [],
          "private": "eyJlMmJmYjczMC1lY2FhLTExZTYtOGY4OC0zNDM2M2JjN2M0YzAiOnsiY3JlYXRlIjo1NDAwMDAwMDAwMDAwLCJkZWxldGUiOjU0MDAwMDAwMDAwMDAsInJlYWQiOjMwMDAwMDAwMDAwMCwidXBkYXRlIjo1NDAwMDAwMDAwMDAwfX0=",
          "dependencies": [
            "random_integer.ri"
          ]
        }
      ]
    },
    {
      "mode": "managed",
      "type": "azurerm_service_plan",
      "name": "asp",
      "provider": "provider[\"registry.terraform.io/hashicorp/azurerm\"]",
      "instances": [
        {
          "schema_version": 0,
          "attributes": {
            "app_service_environment_id": "",
            "id": "/subscriptions/694c4bb5-c2f9-44f5-a442-71837b97b1bd/resourceGroups/ContactBookRG59400/providers/Microsoft.Web/serverfarms/contact-book-plan-59400",
            "kind": "linux",
            "location": "polandcentral",
            "maximum_elastic_worker_count": 1,
            "name": "contact-book-plan-59400",
            "os_type": "Linux",
            "per_site_scaling_enabled": false,
            "reserved": true,
            "resource_group_name": "ContactBookRG59400",
            "sku_name": "F1",
            "tags": {},
            "timeouts": null,
            "worker_count": 1,
            "zone_balancing_enabled": false
          },
          "sensitive_attributes": [],
          "private": "eyJlMmJmYjczMC1lY2FhLTExZTYtOGY4OC0zNDM2M2JjN2M0YzAiOnsiY3JlYXRlIjozNjAwMDAwMDAwMDAwLCJkZWxldGUiOjM2MDAwMDAwMDAwMDAsInJlYWQiOjMwMDAwMDAwMDAwMCwidXBkYXRlIjozNjAwMDAwMDAwMDAwfX0=",
          "dependencies": [
            "azurerm_resource_group.rg",
            "random_integer.ri"
          ]
        }
      ]
    },
    {
      "mode": "managed",
      "type": "random_integer",
      "name": "ri",
      "provider": "provider[\"registry.terraform.io/hashicorp/random\"]",
      "instances": [
        {
          "schema_version": 0,
          "attributes": {
            "id": "59400",
            "keepers": null,
            "max": 99999,
            "min": 10000,
            "result": 59400,
            "seed": null
          },
          "sensitive_attributes": []
        }
      ]
    }
  ],
  "check_results": null
}
