
Microsoft Visual Studio Solution File, Format Version 12.00
# Visual Studio Version 17
VisualStudioVersion = 17.0.32112.339
MinimumVisualStudioVersion = 10.0.40219.1
Project("{9A19103F-16F7-4668-BE54-9A1E7A4F7556}") = "01. Sort Numbers", "01. Sort Numbers\01. Sort Numbers.csproj", "{1F6EE3D8-6C44-4C2E-93A1-6CAD21D70741}"
EndProject
Project("{9A19103F-16F7-4668-BE54-9A1E7A4F7556}") = "T02EnglishLastDigit", "T02EnglishLastDigit\T02EnglishLastDigit.csproj", "{F2C0D70A-D85E-4E10-9029-4294A18F03ED}"
EndProject
Project("{9A19103F-16F7-4668-BE54-9A1E7A4F7556}") = "T03. Gaming Store", "T03. Gaming Store\T03. Gaming Store.csproj", "{E509F97A-3BF5-41E3-BF66-CF0A2D65DC4E}"
EndProject
Project("{9A19103F-16F7-4668-BE54-9A1E7A4F7556}") = "04. Reverse String", "04. Reverse String\04. Reverse String.csproj", "{D6710623-C494-47FC-9B6C-84DD8A42D030}"
EndProject
Project("{FAE04EC0-301F-11D3-BF4B-00C04F79EFBC}") = "E05. Messages", "E05. Messages\E05. Messages.csproj", "{D4D8154E-7B55-4C59-820D-A70FF6F4F4C2}"
EndProject
Global
	GlobalSection(SolutionConfigurationPlatforms) = preSolution
		Debug|Any CPU = Debug|Any CPU
		Release|Any CPU = Release|Any CPU
	EndGlobalSection
	GlobalSection(ProjectConfigurationPlatforms) = postSolution
		{1F6EE3D8-6C44-4C2E-93A1-6CAD21D70741}.Debug|Any CPU.ActiveCfg = Debug|Any CPU
		{1F6EE3D8-6C44-4C2E-93A1-6CAD21D70741}.Debug|Any CPU.Build.0 = Debug|Any CPU
		{1F6EE3D8-6C44-4C2E-93A1-6CAD21D70741}.Release|Any CPU.ActiveCfg = Release|Any CPU
		{1F6EE3D8-6C44-4C2E-93A1-6CAD21D70741}.Release|Any CPU.Build.0 = Release|Any CPU
		{F2C0D70A-D85E-4E10-9029-4294A18F03ED}.Debug|Any CPU.ActiveCfg = Debug|Any CPU
		{F2C0D70A-D85E-4E10-9029-4294A18F03ED}.Debug|Any CPU.Build.0 = Debug|Any CPU
		{F2C0D70A-D85E-4E10-9029-4294A18F03ED}.Release|Any CPU.ActiveCfg = Release|Any CPU
		{F2C0D70A-D85E-4E10-9029-4294A18F03ED}.Release|Any CPU.Build.0 = Release|Any CPU
		{E509F97A-3BF5-41E3-BF66-CF0A2D65DC4E}.Debug|Any CPU.ActiveCfg = Debug|Any CPU
		{E509F97A-3BF5-41E3-BF66-CF0A2D65DC4E}.Debug|Any CPU.Build.0 = Debug|Any CPU
		{E509F97A-3BF5-41E3-BF66-CF0A2D65DC4E}.Release|Any CPU.ActiveCfg = Release|Any CPU
		{E509F97A-3BF5-41E3-BF66-CF0A2D65DC4E}.Release|Any CPU.Build.0 = Release|Any CPU
		{D6710623-C494-47FC-9B6C-84DD8A42D030}.Debug|Any CPU.ActiveCfg = Debug|Any CPU
		{D6710623-C494-47FC-9B6C-84DD8A42D030}.Debug|Any CPU.Build.0 = Debug|Any CPU
		{D6710623-C494-47FC-9B6C-84DD8A42D030}.Release|Any CPU.ActiveCfg = Release|Any CPU
		{D6710623-C494-47FC-9B6C-84DD8A42D030}.Release|Any CPU.Build.0 = Release|Any CPU
		{D4D8154E-7B55-4C59-820D-A70FF6F4F4C2}.Debug|Any CPU.ActiveCfg = Debug|Any CPU
		{D4D8154E-7B55-4C59-820D-A70FF6F4F4C2}.Debug|Any CPU.Build.0 = Debug|Any CPU
		{D4D8154E-7B55-4C59-820D-A70FF6F4F4C2}.Release|Any CPU.ActiveCfg = Release|Any CPU
		{D4D8154E-7B55-4C59-820D-A70FF6F4F4C2}.Release|Any CPU.Build.0 = Release|Any CPU
	EndGlobalSection
	GlobalSection(SolutionProperties) = preSolution
		HideSolutionNode = FALSE
	EndGlobalSection
	GlobalSection(ExtensibilityGlobals) = postSolution
		SolutionGuid = {89731884-DE44-45CB-860C-C57D23965542}
	EndGlobalSection
EndGlobal
