{
  "version": 4,
  "terraform_version": "1.9.4",
  "serial": 33,
  "lineage": "907947e5-8701-e6b4-e593-5a9bbf378d2d",
  "outputs": {
    "webapp_ips": {
      "value": "52.155.92.81,52.155.92.122,52.155.92.184,52.155.92.202,52.155.92.231,52.155.93.133,52.158.127.195,52.155.88.57,52.155.88.75,52.155.88.81,52.155.88.149,52.155.88.173,20.107.224.61",
      "type": "string"
    },
    "webapp_url": {
      "value": "taskboardjvalkovapp.azurewebsites.net",
      "type": "string"
    }
  },
  "resources": [
    {
      "mode": "managed",
      "type": "azurerm_app_service_source_control",
      "name": "sourcecontrol",
      "provider": "provider[\"registry.terraform.io/hashicorp/azurerm\"]",
      "instances": [
        {
          "schema_version": 0,
          "attributes": {
            "app_id": "/subscriptions/da45f00c-c294-4391-8bf4-d5c493008954/resourceGroups/TaskBoardJvalkovRG/providers/Microsoft.Web/sites/TaskBoardJvalkovApp",
            "branch": "main",
            "github_action_configuration": [],
            "id": "/subscriptions/da45f00c-c294-4391-8bf4-d5c493008954/resourceGroups/TaskBoardJvalkovRG/providers/Microsoft.Web/sites/TaskBoardJvalkovApp",
            "repo_url": "https://github.com/jvalkovv/03.Azure-Web-App-with-Database-TaskBoard_Terraform",
            "rollback_enabled": false,
            "scm_type": "ExternalGit",
            "timeouts": null,
            "use_local_git": false,
            "use_manual_integration": true,
            "use_mercurial": false,
            "uses_github_action": false
          },
          "sensitive_attributes": [],
          "private": "eyJlMmJmYjczMC1lY2FhLTExZTYtOGY4OC0zNDM2M2JjN2M0YzAiOnsiY3JlYXRlIjoxODAwMDAwMDAwMDAwLCJkZWxldGUiOjE4MDAwMDAwMDAwMDAsInJlYWQiOjMwMDAwMDAwMDAwMH19",
          "dependencies": [
            "azurerm_linux_web_app.lwa",
            "azurerm_mssql_database.mssqldb",
            "azurerm_mssql_server.mssql",
            "azurerm_resource_group.rg",
            "azurerm_service_plan.asp"
          ]
        }
      ]
    },
    {
      "mode": "managed",
      "type": "azurerm_linux_web_app",
      "name": "lwa",
      "provider": "provider[\"registry.terraform.io/hashicorp/azurerm\"]",
      "instances": [
        {
          "schema_version": 0,
          "attributes": {
            "app_settings": {},
            "auth_settings": [],
            "auth_settings_v2": [],
            "backup": [],
            "client_affinity_enabled": false,
            "client_certificate_enabled": false,
            "client_certificate_exclusion_paths": "",
            "client_certificate_mode": "Required",
            "connection_string": [
              {
                "name": "DefaultConnection",
                "type": "SQLAzure",
                "value": "Data Source=tcp:taskboardjvalkovsqlserver.database.windows.net,1433;Initial Catalog=TaskBoardDataBase;User ID=4dm1n157r470r;Password=4-v3ry-53cr37-p455w0rd;Trusted_Connection=False; MultipleActiveResultSets=True;"
              }
            ],
            "custom_domain_verification_id": "C7F8A0B8FB150A139EE6EC794D7414EE2DD81AFA016C425007DF840198C09A2F",
            "default_hostname": "taskboardjvalkovapp.azurewebsites.net",
            "enabled": true,
            "https_only": false,
            "id": "/subscriptions/da45f00c-c294-4391-8bf4-d5c493008954/resourceGroups/TaskBoardJvalkovRG/providers/Microsoft.Web/sites/TaskBoardJvalkovApp",
            "identity": [],
            "key_vault_reference_identity_id": "SystemAssigned",
            "kind": "app,linux",
            "location": "northeurope",
            "logs": [],
            "name": "TaskBoardJvalkovApp",
            "outbound_ip_address_list": [
              "52.155.92.81",
              "52.155.92.122",
              "52.155.92.184",
              "52.155.92.202",
              "52.155.92.231",
              "52.155.93.133",
              "52.158.127.195",
              "52.155.88.57",
              "52.155.88.75",
              "52.155.88.81",
              "52.155.88.149",
              "52.155.88.173",
              "20.107.224.61"
            ],
            "outbound_ip_addresses": "52.155.92.81,52.155.92.122,52.155.92.184,52.155.92.202,52.155.92.231,52.155.93.133,52.158.127.195,52.155.88.57,52.155.88.75,52.155.88.81,52.155.88.149,52.155.88.173,20.107.224.61",
            "possible_outbound_ip_address_list": [
              "52.155.92.81",
              "52.155.92.122",
              "52.155.92.184",
              "52.155.92.202",
              "52.155.92.231",
              "52.155.93.133",
              "52.158.127.195",
              "52.155.88.57",
              "52.155.88.75",
              "52.155.88.81",
              "52.155.88.149",
              "52.155.88.173",
              "52.155.88.238",
              "52.155.89.35",
              "52.155.89.58",
              "52.155.89.98",
              "52.155.89.139",
              "52.158.126.112",
              "52.155.89.144",
              "52.155.91.0",
              "52.155.91.107",
              "52.155.91.126",
              "52.155.92.21",
              "52.155.92.56",
              "52.155.92.81",
              "52.155.92.122",
              "52.155.92.184",
              "52.155.92.202",
              "52.155.92.231",
              "52.155.93.133",
              "52.155.93.137",
              "52.155.93.142",
              "52.155.93.147",
              "52.155.93.150",
              "52.155.93.180",
              "52.155.93.233",
              "20.107.224.61"
            ],
            "possible_outbound_ip_addresses": "52.155.92.81,52.155.92.122,52.155.92.184,52.155.92.202,52.155.92.231,52.155.93.133,52.158.127.195,52.155.88.57,52.155.88.75,52.155.88.81,52.155.88.149,52.155.88.173,52.155.88.238,52.155.89.35,52.155.89.58,52.155.89.98,52.155.89.139,52.158.126.112,52.155.89.144,52.155.91.0,52.155.91.107,52.155.91.126,52.155.92.21,52.155.92.56,52.155.92.81,52.155.92.122,52.155.92.184,52.155.92.202,52.155.92.231,52.155.93.133,52.155.93.137,52.155.93.142,52.155.93.147,52.155.93.150,52.155.93.180,52.155.93.233,20.107.224.61",
            "resource_group_name": "TaskBoardJvalkovRG",
            "service_plan_id": "/subscriptions/da45f00c-c294-4391-8bf4-d5c493008954/resourceGroups/TaskBoardJvalkovRG/providers/Microsoft.Web/serverfarms/TaskBoardJvalkovSP",
            "site_config": [
              {
                "always_on": false,
                "api_definition_url": "",
                "api_management_api_id": "",
                "app_command_line": "",
                "application_stack": [
                  {
                    "docker_image": "",
                    "docker_image_tag": "",
                    "dotnet_version": "6.0",
                    "go_version": "",
                    "java_server": "",
                    "java_server_version": "",
                    "java_version": "",
                    "node_version": "",
                    "php_version": "",
                    "python_version": "",
                    "ruby_version": ""
                  }
                ],
                "auto_heal_enabled": false,
                "auto_heal_setting": [],
                "container_registry_managed_identity_client_id": "",
                "container_registry_use_managed_identity": false,
                "cors": [],
                "default_documents": [
                  "Default.htm",
                  "Default.html",
                  "Default.asp",
                  "index.htm",
                  "index.html",
                  "iisstart.htm",
                  "default.aspx",
                  "index.php",
                  "hostingstart.html"
                ],
                "detailed_error_logging_enabled": false,
                "ftps_state": "Disabled",
                "health_check_eviction_time_in_min": 0,
                "health_check_path": "",
                "http2_enabled": false,
                "ip_restriction": [],
                "linux_fx_version": "DOTNETCORE|6.0",
                "load_balancing_mode": "LeastRequests",
                "local_mysql_enabled": false,
                "managed_pipeline_mode": "Integrated",
                "minimum_tls_version": "1.2",
                "remote_debugging_enabled": false,
                "remote_debugging_version": "VS2022",
                "scm_ip_restriction": [],
                "scm_minimum_tls_version": "1.2",
                "scm_type": "ExternalGit",
                "scm_use_main_ip_restriction": false,
                "use_32_bit_worker": true,
                "vnet_route_all_enabled": false,
                "websockets_enabled": false,
                "worker_count": 1
              }
            ],
            "site_credential": [
              {
                "name": "$TaskBoardJvalkovApp",
                "password": "L09jX8jla6Gm0H154lE9EmJAhbGuswEgnmPCni5J6dTd2RYtppXjTDJLapqN"
              }
            ],
            "sticky_settings": [],
            "storage_account": [],
            "tags": {},
            "timeouts": null,
            "virtual_network_subnet_id": "",
            "zip_deploy_file": ""
          },
          "sensitive_attributes": [
            [
              {
                "type": "get_attr",
                "value": "connection_string"
              }
            ],
            [
              {
                "type": "get_attr",
                "value": "site_credential"
              }
            ],
            [
              {
                "type": "get_attr",
                "value": "custom_domain_verification_id"
              }
            ]
          ],
          "private": "eyJlMmJmYjczMC1lY2FhLTExZTYtOGY4OC0zNDM2M2JjN2M0YzAiOnsiY3JlYXRlIjoxODAwMDAwMDAwMDAwLCJkZWxldGUiOjE4MDAwMDAwMDAwMDAsInJlYWQiOjMwMDAwMDAwMDAwMCwidXBkYXRlIjoxODAwMDAwMDAwMDAwfX0=",
          "dependencies": [
            "azurerm_mssql_database.mssqldb",
            "azurerm_mssql_server.mssql",
            "azurerm_resource_group.rg",
            "azurerm_service_plan.asp"
          ]
        }
      ]
    },
    {
      "mode": "managed",
      "type": "azurerm_mssql_database",
      "name": "mssqldb",
      "provider": "provider[\"registry.terraform.io/hashicorp/azurerm\"]",
      "instances": [
        {
          "schema_version": 1,
          "attributes": {
            "auto_pause_delay_in_minutes": 0,
            "collation": "SQL_Latin1_General_CP1_CI_AS",
            "create_mode": "Default",
            "creation_source_database_id": null,
            "elastic_pool_id": "",
            "geo_backup_enabled": true,
            "id": "/subscriptions/da45f00c-c294-4391-8bf4-d5c493008954/resourceGroups/TaskBoardJvalkovRG/providers/Microsoft.Sql/servers/taskboardjvalkovsqlserver/databases/TaskBoardDataBase",
            "import": [],
            "ledger_enabled": false,
            "license_type": "LicenseIncluded",
            "long_term_retention_policy": [
              {
                "monthly_retention": "PT0S",
                "week_of_year": 1,
                "weekly_retention": "PT0S",
                "yearly_retention": "PT0S"
              }
            ],
            "maintenance_configuration_name": "SQL_Default",
            "max_size_gb": 2,
            "min_capacity": 0,
            "name": "TaskBoardDataBase",
            "read_replica_count": 0,
            "read_scale": false,
            "recover_database_id": null,
            "restore_dropped_database_id": null,
            "restore_point_in_time": null,
            "sample_name": null,
            "server_id": "/subscriptions/da45f00c-c294-4391-8bf4-d5c493008954/resourceGroups/TaskBoardJvalkovRG/providers/Microsoft.Sql/servers/taskboardjvalkovsqlserver",
            "short_term_retention_policy": [
              {
                "backup_interval_in_hours": 24,
                "retention_days": 7
              }
            ],
            "sku_name": "S0",
            "storage_account_type": "Geo",
            "tags": {},
            "threat_detection_policy": [
              {
                "disabled_alerts": [],
                "email_account_admins": "Disabled",
                "email_addresses": [],
                "retention_days": 0,
                "state": "Disabled",
                "storage_account_access_key": "",
                "storage_endpoint": ""
              }
            ],
            "timeouts": null,
            "transparent_data_encryption_enabled": true,
            "zone_redundant": false
          },
          "sensitive_attributes": [
            [
              {
                "type": "get_attr",
                "value": "threat_detection_policy"
              },
              {
                "type": "index",
                "value": {
                  "value": 0,
                  "type": "number"
                }
              },
              {
                "type": "get_attr",
                "value": "storage_account_access_key"
              }
            ]
          ],
          "private": "eyJlMmJmYjczMC1lY2FhLTExZTYtOGY4OC0zNDM2M2JjN2M0YzAiOnsiY3JlYXRlIjozNjAwMDAwMDAwMDAwLCJkZWxldGUiOjM2MDAwMDAwMDAwMDAsInJlYWQiOjMwMDAwMDAwMDAwMCwidXBkYXRlIjozNjAwMDAwMDAwMDAwfSwic2NoZW1hX3ZlcnNpb24iOiIxIn0=",
          "dependencies": [
            "azurerm_mssql_server.mssql"
          ]
        }
      ]
    },
    {
      "mode": "managed",
      "type": "azurerm_mssql_firewall_rule",
      "name": "mfr",
      "provider": "provider[\"registry.terraform.io/hashicorp/azurerm\"]",
      "instances": [
        {
          "schema_version": 0,
          "attributes": {
            "end_ip_address": "0.0.0.0",
            "id": "/subscriptions/da45f00c-c294-4391-8bf4-d5c493008954/resourceGroups/TaskBoardJvalkovRG/providers/Microsoft.Sql/servers/taskboardjvalkovsqlserver/firewallRules/IPRangeFirewallRule",
            "name": "IPRangeFirewallRule",
            "server_id": "/subscriptions/da45f00c-c294-4391-8bf4-d5c493008954/resourceGroups/TaskBoardJvalkovRG/providers/Microsoft.Sql/servers/taskboardjvalkovsqlserver",
            "start_ip_address": "0.0.0.0",
            "timeouts": null
          },
          "sensitive_attributes": [],
          "private": "eyJlMmJmYjczMC1lY2FhLTExZTYtOGY4OC0zNDM2M2JjN2M0YzAiOnsiY3JlYXRlIjoxODAwMDAwMDAwMDAwLCJkZWxldGUiOjE4MDAwMDAwMDAwMDAsInJlYWQiOjMwMDAwMDAwMDAwMCwidXBkYXRlIjoxODAwMDAwMDAwMDAwfX0=",
          "dependencies": [
            "azurerm_mssql_server.mssql"
          ]
        }
      ]
    },
    {
      "mode": "managed",
      "type": "azurerm_mssql_server",
      "name": "mssql",
      "provider": "provider[\"registry.terraform.io/hashicorp/azurerm\"]",
      "instances": [
        {
          "schema_version": 0,
          "attributes": {
            "administrator_login": "4dm1n157r470r",
            "administrator_login_password": "4-v3ry-53cr37-p455w0rd",
            "azuread_administrator": [],
            "connection_policy": "Default",
            "fully_qualified_domain_name": "taskboardjvalkovsqlserver.database.windows.net",
            "id": "/subscriptions/da45f00c-c294-4391-8bf4-d5c493008954/resourceGroups/TaskBoardJvalkovRG/providers/Microsoft.Sql/servers/taskboardjvalkovsqlserver",
            "identity": [],
            "location": "northeurope",
            "minimum_tls_version": "1.2",
            "name": "taskboardjvalkovsqlserver",
            "outbound_network_restriction_enabled": false,
            "primary_user_assigned_identity_id": "",
            "public_network_access_enabled": true,
            "resource_group_name": "TaskBoardJvalkovRG",
            "restorable_dropped_database_ids": [],
            "tags": {},
            "timeouts": null,
            "version": "12.0"
          },
          "sensitive_attributes": [
            [
              {
                "type": "get_attr",
                "value": "administrator_login_password"
              }
            ]
          ],
          "private": "eyJlMmJmYjczMC1lY2FhLTExZTYtOGY4OC0zNDM2M2JjN2M0YzAiOnsiY3JlYXRlIjozNjAwMDAwMDAwMDAwLCJkZWxldGUiOjM2MDAwMDAwMDAwMDAsInJlYWQiOjMwMDAwMDAwMDAwMCwidXBkYXRlIjozNjAwMDAwMDAwMDAwfX0="
        }
      ]
    },
    {
      "mode": "managed",
      "type": "azurerm_resource_group",
      "name": "rg",
      "provider": "provider[\"registry.terraform.io/hashicorp/azurerm\"]",
      "instances": [
        {
          "schema_version": 0,
          "attributes": {
            "id": "/subscriptions/da45f00c-c294-4391-8bf4-d5c493008954/resourceGroups/TaskBoardJvalkovRG",
            "location": "northeurope",
            "name": "TaskBoardJvalkovRG",
            "tags": {},
            "timeouts": null
          },
          "sensitive_attributes": [],
          "private": "eyJlMmJmYjczMC1lY2FhLTExZTYtOGY4OC0zNDM2M2JjN2M0YzAiOnsiY3JlYXRlIjo1NDAwMDAwMDAwMDAwLCJkZWxldGUiOjU0MDAwMDAwMDAwMDAsInJlYWQiOjMwMDAwMDAwMDAwMCwidXBkYXRlIjo1NDAwMDAwMDAwMDAwfX0="
        }
      ]
    },
    {
      "mode": "managed",
      "type": "azurerm_service_plan",
      "name": "asp",
      "provider": "provider[\"registry.terraform.io/hashicorp/azurerm\"]",
      "instances": [
        {
          "schema_version": 0,
          "attributes": {
            "app_service_environment_id": "",
            "id": "/subscriptions/da45f00c-c294-4391-8bf4-d5c493008954/resourceGroups/TaskBoardJvalkovRG/providers/Microsoft.Web/serverfarms/TaskBoardJvalkovSP",
            "kind": "linux",
            "location": "northeurope",
            "maximum_elastic_worker_count": 1,
            "name": "TaskBoardJvalkovSP",
            "os_type": "Linux",
            "per_site_scaling_enabled": false,
            "reserved": true,
            "resource_group_name": "TaskBoardJvalkovRG",
            "sku_name": "F1",
            "tags": {},
            "timeouts": null,
            "worker_count": 1,
            "zone_balancing_enabled": false
          },
          "sensitive_attributes": [],
          "private": "eyJlMmJmYjczMC1lY2FhLTExZTYtOGY4OC0zNDM2M2JjN2M0YzAiOnsiY3JlYXRlIjozNjAwMDAwMDAwMDAwLCJkZWxldGUiOjM2MDAwMDAwMDAwMDAsInJlYWQiOjMwMDAwMDAwMDAwMCwidXBkYXRlIjozNjAwMDAwMDAwMDAwfX0="
        }
      ]
    }
  ],
  "check_results": null
}
