
Microsoft Visual Studio Solution File, Format Version 12.00
# Visual Studio Version 17
VisualStudioVersion = 17.3.32922.545
MinimumVisualStudioVersion = 10.0.40219.1
Project("{FAE04EC0-301F-11D3-BF4B-00C04F79EFBC}") = "1. Single Inheritance", "1. Single Inheritance\1. Single Inheritance.csproj", "{5F517A04-EBF9-4F3F-96B6-A9F400851273}"
EndProject
Project("{FAE04EC0-301F-11D3-BF4B-00C04F79EFBC}") = "2. Multiple Inheritance", "..\2. Multiple Inheritance\2. Multiple Inheritance.csproj", "{DA658A34-4082-4649-B138-27E1EA8F430A}"
EndProject
Global
	GlobalSection(SolutionConfigurationPlatforms) = preSolution
		Debug|Any CPU = Debug|Any CPU
		Release|Any CPU = Release|Any CPU
	EndGlobalSection
	GlobalSection(ProjectConfigurationPlatforms) = postSolution
		{5F517A04-EBF9-4F3F-96B6-A9F400851273}.Debug|Any CPU.ActiveCfg = Debug|Any CPU
		{5F517A04-EBF9-4F3F-96B6-A9F400851273}.Debug|Any CPU.Build.0 = Debug|Any CPU
		{5F517A04-EBF9-4F3F-96B6-A9F400851273}.Release|Any CPU.ActiveCfg = Release|Any CPU
		{5F517A04-EBF9-4F3F-96B6-A9F400851273}.Release|Any CPU.Build.0 = Release|Any CPU
		{DA658A34-4082-4649-B138-27E1EA8F430A}.Debug|Any CPU.ActiveCfg = Debug|Any CPU
		{DA658A34-4082-4649-B138-27E1EA8F430A}.Debug|Any CPU.Build.0 = Debug|Any CPU
		{DA658A34-4082-4649-B138-27E1EA8F430A}.Release|Any CPU.ActiveCfg = Release|Any CPU
		{DA658A34-4082-4649-B138-27E1EA8F430A}.Release|Any CPU.Build.0 = Release|Any CPU
	EndGlobalSection
	GlobalSection(SolutionProperties) = preSolution
		HideSolutionNode = FALSE
	EndGlobalSection
	GlobalSection(ExtensibilityGlobals) = postSolution
		SolutionGuid = {A8EB4B0C-26DB-4B69-9AD0-F497920DD55D}
	EndGlobalSection
EndGlobal
